
Microsoft Visual Studio Solution File, Format Version 12.00
# Visual Studio Version 17
VisualStudioVersion = 17.8.34330.188
MinimumVisualStudioVersion = 10.0.40219.1
Project("{FAE04EC0-301F-11D3-BF4B-00C04F79EFBC}") = "isrpo_apteka", "isrpo_apteka\isrpo_apteka.csproj", "{2E3AD1B1-59D4-4761-B941-FE6DCA4FE420}"
EndProject
Global
	GlobalSection(SolutionConfigurationPlatforms) = preSolution
		Debug|Any CPU = Debug|Any CPU
		Release|Any CPU = Release|Any CPU
	EndGlobalSection
	GlobalSection(ProjectConfigurationPlatforms) = postSolution
		{2E3AD1B1-59D4-4761-B941-FE6DCA4FE420}.Debug|Any CPU.ActiveCfg = Debug|Any CPU
		{2E3AD1B1-59D4-4761-B941-FE6DCA4FE420}.Debug|Any CPU.Build.0 = Debug|Any CPU
		{2E3AD1B1-59D4-4761-B941-FE6DCA4FE420}.Release|Any CPU.ActiveCfg = Release|Any CPU
		{2E3AD1B1-59D4-4761-B941-FE6DCA4FE420}.Release|Any CPU.Build.0 = Release|Any CPU
	EndGlobalSection
	GlobalSection(SolutionProperties) = preSolution
		HideSolutionNode = FALSE
	EndGlobalSection
	GlobalSection(ExtensibilityGlobals) = postSolution
		SolutionGuid = {A01C3760-5D39-481C-BF74-19F16706B73B}
	EndGlobalSection
EndGlobal
